// !$*UTF8*$!
{
	archiveVersion = 1;
	classes = {
	};
	objectVersion = 46;
	objects = {

/* Begin PBXBuildFile section */
		439B0F691C814E5900DB38B6 /* AppDelegate.swift in Sources */ = {isa = PBXBuildFile; fileRef = 439B0F681C814E5900DB38B6 /* AppDelegate.swift */; };
		439B0F6D1C814E5900DB38B6 /* GameScene.swift in Sources */ = {isa = PBXBuildFile; fileRef = 439B0F6C1C814E5900DB38B6 /* GameScene.swift */; };
		439B0F6F1C814E5900DB38B6 /* GameViewController.swift in Sources */ = {isa = PBXBuildFile; fileRef = 439B0F6E1C814E5900DB38B6 /* GameViewController.swift */; };
		439B0F721C814E5900DB38B6 /* Main.storyboard in Resources */ = {isa = PBXBuildFile; fileRef = 439B0F701C814E5900DB38B6 /* Main.storyboard */; };
		439B0F741C814E5900DB38B6 /* Assets.xcassets in Resources */ = {isa = PBXBuildFile; fileRef = 439B0F731C814E5900DB38B6 /* Assets.xcassets */; };
		439B0F771C814E5900DB38B6 /* LaunchScreen.storyboard in Resources */ = {isa = PBXBuildFile; fileRef = 439B0F751C814E5900DB38B6 /* LaunchScreen.storyboard */; };
		439B0F811C814F5D00DB38B6 /* Sprites.atlas in Resources */ = {isa = PBXBuildFile; fileRef = 439B0F801C814F5D00DB38B6 /* Sprites.atlas */; };
		439B0F831C81575600DB38B6 /* Cookie.swift in Sources */ = {isa = PBXBuildFile; fileRef = 439B0F821C81575600DB38B6 /* Cookie.swift */; };
/* End PBXBuildFile section */

/* Begin PBXFileReference section */
		439B0F651C814E5900DB38B6 /* CookieCrunch.app */ = {isa = PBXFileReference; explicitFileType = wrapper.application; includeInIndex = 0; path = CookieCrunch.app; sourceTree = BUILT_PRODUCTS_DIR; };
		439B0F681C814E5900DB38B6 /* AppDelegate.swift */ = {isa = PBXFileReference; lastKnownFileType = sourcecode.swift; path = AppDelegate.swift; sourceTree = "<group>"; };
		439B0F6C1C814E5900DB38B6 /* GameScene.swift */ = {isa = PBXFileReference; lastKnownFileType = sourcecode.swift; path = GameScene.swift; sourceTree = "<group>"; };
		439B0F6E1C814E5900DB38B6 /* GameViewController.swift */ = {isa = PBXFileReference; lastKnownFileType = sourcecode.swift; path = GameViewController.swift; sourceTree = "<group>"; };
		439B0F711C814E5900DB38B6 /* Base */ = {isa = PBXFileReference; lastKnownFileType = file.storyboard; name = Base; path = Base.lproj/Main.storyboard; sourceTree = "<group>"; };
		439B0F731C814E5900DB38B6 /* Assets.xcassets */ = {isa = PBXFileReference; lastKnownFileType = folder.assetcatalog; path = Assets.xcassets; sourceTree = "<group>"; };
		439B0F761C814E5900DB38B6 /* Base */ = {isa = PBXFileReference; lastKnownFileType = file.storyboard; name = Base; path = Base.lproj/LaunchScreen.storyboard; sourceTree = "<group>"; };
		439B0F781C814E5900DB38B6 /* Info.plist */ = {isa = PBXFileReference; lastKnownFileType = text.plist.xml; path = Info.plist; sourceTree = "<group>"; };
		439B0F801C814F5D00DB38B6 /* Sprites.atlas */ = {isa = PBXFileReference; lastKnownFileType = folder.skatlas; path = Sprites.atlas; sourceTree = "<group>"; };
		439B0F821C81575600DB38B6 /* Cookie.swift */ = {isa = PBXFileReference; fileEncoding = 4; lastKnownFileType = sourcecode.swift; path = Cookie.swift; sourceTree = "<group>"; };
/* End PBXFileReference section */

/* Begin PBXFrameworksBuildPhase section */
		439B0F621C814E5900DB38B6 /* Frameworks */ = {
			isa = PBXFrameworksBuildPhase;
			buildActionMask = 2147483647;
			files = (
			);
			runOnlyForDeploymentPostprocessing = 0;
		};
/* End PBXFrameworksBuildPhase section */

/* Begin PBXGroup section */
		439B0F5C1C814E5900DB38B6 = {
			isa = PBXGroup;
			children = (
				439B0F821C81575600DB38B6 /* Cookie.swift */,
				439B0F671C814E5900DB38B6 /* CookieCrunch */,
				439B0F661C814E5900DB38B6 /* Products */,
			);
			sourceTree = "<group>";
		};
		439B0F661C814E5900DB38B6 /* Products */ = {
			isa = PBXGroup;
			children = (
				439B0F651C814E5900DB38B6 /* CookieCrunch.app */,
			);
			name = Products;
			sourceTree = "<group>";
		};
		439B0F671C814E5900DB38B6 /* CookieCrunch */ = {
			isa = PBXGroup;
			children = (
				439B0F681C814E5900DB38B6 /* AppDelegate.swift */,
				439B0F6C1C814E5900DB38B6 /* GameScene.swift */,
				439B0F6E1C814E5900DB38B6 /* GameViewController.swift */,
				439B0F701C814E5900DB38B6 /* Main.storyboard */,
				439B0F731C814E5900DB38B6 /* Assets.xcassets */,
				439B0F801C814F5D00DB38B6 /* Sprites.atlas */,
				439B0F751C814E5900DB38B6 /* LaunchScreen.storyboard */,
				439B0F781C814E5900DB38B6 /* Info.plist */,
			);
			path = CookieCrunch;
			sourceTree = "<group>";
		};
/* End PBXGroup section */

/* Begin PBXNativeTarget section */
		439B0F641C814E5900DB38B6 /* CookieCrunch */ = {
			isa = PBXNativeTarget;
			buildConfigurationList = 439B0F7B1C814E5900DB38B6 /* Build configuration list for PBXNativeTarget "CookieCrunch" */;
			buildPhases = (
				439B0F611C814E5900DB38B6 /* Sources */,
				439B0F621C814E5900DB38B6 /* Frameworks */,
				439B0F631C814E5900DB38B6 /* Resources */,
			);
			buildRules = (
			);
			dependencies = (
			);
			name = CookieCrunch;
			productName = CookieCrunch;
			productReference = 439B0F651C814E5900DB38B6 /* CookieCrunch.app */;
			productType = "com.apple.product-type.application";
		};
/* End PBXNativeTarget section */

/* Begin PBXProject section */
		439B0F5D1C814E5900DB38B6 /* Project object */ = {
			isa = PBXProject;
			attributes = {
				LastSwiftUpdateCheck = 0720;
				LastUpgradeCheck = 0720;
				ORGANIZATIONNAME = "Pat Kelly";
				TargetAttributes = {
					439B0F641C814E5900DB38B6 = {
						CreatedOnToolsVersion = 7.2.1;
					};
				};
			};
			buildConfigurationList = 439B0F601C814E5900DB38B6 /* Build configuration list for PBXProject "CookieCrunch" */;
			compatibilityVersion = "Xcode 3.2";
			developmentRegion = English;
			hasScannedForEncodings = 0;
			knownRegions = (
				en,
				Base,
			);
			mainGroup = 439B0F5C1C814E5900DB38B6;
			productRefGroup = 439B0F661C814E5900DB38B6 /* Products */;
			projectDirPath = "";
			projectRoot = "";
			targets = (
				439B0F641C814E5900DB38B6 /* CookieCrunch */,
			);
		};
/* End PBXProject section */

/* Begin PBXResourcesBuildPhase section */
		439B0F631C814E5900DB38B6 /* Resources */ = {
			isa = PBXResourcesBuildPhase;
			buildActionMask = 2147483647;
			files = (
				439B0F771C814E5900DB38B6 /* LaunchScreen.storyboard in Resources */,
				439B0F741C814E5900DB38B6 /* Assets.xcassets in Resources */,
				439B0F721C814E5900DB38B6 /* Main.storyboard in Resources */,
				439B0F811C814F5D00DB38B6 /* Sprites.atlas in Resources */,
			);
			runOnlyForDeploymentPostprocessing = 0;
		};
/* End PBXResourcesBuildPhase section */

/* Begin PBXSourcesBuildPhase section */
		439B0F611C814E5900DB38B6 /* Sources */ = {
			isa = PBXSourcesBuildPhase;
			buildActionMask = 2147483647;
			files = (
				439B0F6D1C814E5900DB38B6 /* GameScene.swift in Sources */,
				439B0F831C81575600DB38B6 /* Cookie.swift in Sources */,
				439B0F6F1C814E5900DB38B6 /* GameViewController.swift in Sources */,
				439B0F691C814E5900DB38B6 /* AppDelegate.swift in Sources */,
			);
			runOnlyForDeploymentPostprocessing = 0;
		};
/* End PBXSourcesBuildPhase section */

/* Begin PBXVariantGroup section */
		439B0F701C814E5900DB38B6 /* Main.storyboard */ = {
			isa = PBXVariantGroup;
			children = (
				439B0F711C814E5900DB38B6 /* Base */,
			);
			name = Main.storyboard;
			sourceTree = "<group>";
		};
		439B0F751C814E5900DB38B6 /* LaunchScreen.storyboard */ = {
			isa = PBXVariantGroup;
			children = (
				439B0F761C814E5900DB38B6 /* Base */,
			);
			name = LaunchScreen.storyboard;
			sourceTree = "<group>";
		};
/* End PBXVariantGroup section */

/* Begin XCBuildConfiguration section */
		439B0F791C814E5900DB38B6 /* Debug */ = {
			isa = XCBuildConfiguration;
			buildSettings = {
				ALWAYS_SEARCH_USER_PATHS = NO;
				CLANG_CXX_LANGUAGE_STANDARD = "gnu++0x";
				CLANG_CXX_LIBRARY = "libc++";
				CLANG_ENABLE_MODULES = YES;
				CLANG_ENABLE_OBJC_ARC = YES;
				CLANG_WARN_BOOL_CONVERSION = YES;
				CLANG_WARN_CONSTANT_CONVERSION = YES;
				CLANG_WARN_DIRECT_OBJC_ISA_USAGE = YES_ERROR;
				CLANG_WARN_EMPTY_BODY = YES;
				CLANG_WARN_ENUM_CONVERSION = YES;
				CLANG_WARN_INT_CONVERSION = YES;
				CLANG_WARN_OBJC_ROOT_CLASS = YES_ERROR;
				CLANG_WARN_UNREACHABLE_CODE = YES;
				CLANG_WARN__DUPLICATE_METHOD_MATCH = YES;
				"CODE_SIGN_IDENTITY[sdk=iphoneos*]" = "iPhone Developer";
				COPY_PHASE_STRIP = NO;
				DEBUG_INFORMATION_FORMAT = "dwarf-with-dsym";
				ENABLE_STRICT_OBJC_MSGSEND = YES;
				ENABLE_TESTABILITY = YES;
				GCC_C_LANGUAGE_STANDARD = gnu99;
				GCC_DYNAMIC_NO_PIC = NO;
				GCC_NO_COMMON_BLOCKS = YES;
				GCC_OPTIMIZATION_LEVEL = 0;
				GCC_PREPROCESSOR_DEFINITIONS = (
					"DEBUG=1",
					"$(inherited)",
				);
				GCC_WARN_64_TO_32_BIT_CONVERSION = YES;
				GCC_WARN_ABOUT_RETURN_TYPE = YES_ERROR;
				GCC_WARN_UNDECLARED_SELECTOR = YES;
				GCC_WARN_UNINITIALIZED_AUTOS = YES_AGGRESSIVE;
				GCC_WARN_UNUSED_FUNCTION = YES;
				GCC_WARN_UNUSED_VARIABLE = YES;
				IPHONEOS_DEPLOYMENT_TARGET = 9.2;
				MTL_ENABLE_DEBUG_INFO = YES;
				ONLY_ACTIVE_ARCH = YES;
				SDKROOT = iphoneos;
				SWIFT_OPTIMIZATION_LEVEL = "-Onone";
			};
			name = Debug;
		};
		439B0F7A1C814E5900DB38B6 /* Release */ = {
			isa = XCBuildConfiguration;
			buildSettings = {
				ALWAYS_SEARCH_USER_PATHS = NO;
				CLANG_CXX_LANGUAGE_STANDARD = "gnu++0x";
				CLANG_CXX_LIBRARY = "libc++";
				CLANG_ENABLE_MODULES = YES;
				CLANG_ENABLE_OBJC_ARC = YES;
				CLANG_WARN_BOOL_CONVERSION = YES;
				CLANG_WARN_CONSTANT_CONVERSION = YES;
				CLANG_WARN_DIRECT_OBJC_ISA_USAGE = YES_ERROR;
				CLANG_WARN_EMPTY_BODY = YES;
				CLANG_WARN_ENUM_CONVERSION = YES;
				CLANG_WARN_INT_CONVERSION = YES;
				CLANG_WARN_OBJC_ROOT_CLASS = YES_ERROR;
				CLANG_WARN_UNREACHABLE_CODE = YES;
				CLANG_WARN__DUPLICATE_METHOD_MATCH = YES;
				"CODE_SIGN_IDENTITY[sdk=iphoneos*]" = "iPhone Developer";
				COPY_PHASE_STRIP = NO;
				DEBUG_INFORMATION_FORMAT = "dwarf-with-dsym";
				ENABLE_NS_ASSERTIONS = NO;
				ENABLE_STRICT_OBJC_MSGSEND = YES;
				GCC_C_LANGUAGE_STANDARD = gnu99;
				GCC_NO_COMMON_BLOCKS = YES;
				GCC_WARN_64_TO_32_BIT_CONVERSION = YES;
				GCC_WARN_ABOUT_RETURN_TYPE = YES_ERROR;
				GCC_WARN_UNDECLARED_SELECTOR = YES;
				GCC_WARN_UNINITIALIZED_AUTOS = YES_AGGRESSIVE;
				GCC_WARN_UNUSED_FUNCTION = YES;
				GCC_WARN_UNUSED_VARIABLE = YES;
				IPHONEOS_DEPLOYMENT_TARGET = 9.2;
				MTL_ENABLE_DEBUG_INFO = NO;
				SDKROOT = iphoneos;
				VALIDATE_PRODUCT = YES;
			};
			name = Release;
		};
		439B0F7C1C814E5900DB38B6 /* Debug */ = {
			isa = XCBuildConfiguration;
			buildSettings = {
				ASSETCATALOG_COMPILER_APPICON_NAME = AppIcon;
				INFOPLIST_FILE = CookieCrunch/Info.plist;
				LD_RUNPATH_SEARCH_PATHS = "$(inherited) @executable_path/Frameworks";
				PRODUCT_BUNDLE_IDENTIFIER = com.patkelly.CookieCrunch;
				PRODUCT_NAME = "$(TARGET_NAME)";
			};
			name = Debug;
		};
		439B0F7D1C814E5900DB38B6 /* Release */ = {
			isa = XCBuildConfiguration;
			buildSettings = {
				ASSETCATALOG_COMPILER_APPICON_NAME = AppIcon;
				INFOPLIST_FILE = CookieCrunch/Info.plist;
				LD_RUNPATH_SEARCH_PATHS = "$(inherited) @executable_path/Frameworks";
				PRODUCT_BUNDLE_IDENTIFIER = com.patkelly.CookieCrunch;
				PRODUCT_NAME = "$(TARGET_NAME)";
			};
			name = Release;
		};
/* End XCBuildConfiguration section */

/* Begin XCConfigurationList section */
		439B0F601C814E5900DB38B6 /* Build configuration list for PBXProject "CookieCrunch" */ = {
			isa = XCConfigurationList;
			buildConfigurations = (
				439B0F791C814E5900DB38B6 /* Debug */,
				439B0F7A1C814E5900DB38B6 /* Release */,
			);
			defaultConfigurationIsVisible = 0;
			defaultConfigurationName = Release;
		};
		439B0F7B1C814E5900DB38B6 /* Build configuration list for PBXNativeTarget "CookieCrunch" */ = {
			isa = XCConfigurationList;
			buildConfigurations = (
				439B0F7C1C814E5900DB38B6 /* Debug */,
				439B0F7D1C814E5900DB38B6 /* Release */,
			);
			defaultConfigurationIsVisible = 0;
		};
/* End XCConfigurationList section */
	};
	rootObject = 439B0F5D1C814E5900DB38B6 /* Project object */;
}
